
Microsoft Visual Studio Solution File, Format Version 12.00
# Visual Studio Version 16
VisualStudioVersion = 16.0.31624.102
MinimumVisualStudioVersion = 10.0.40219.1
Project("{FAE04EC0-301F-11D3-BF4B-00C04F79EFBC}") = "QLBanHang", "QLBanHang\QLBanHang.csproj", "{DC1DE7CB-FB84-4AED-A735-8107574D7C5B}"
EndProject
Global
	GlobalSection(SolutionConfigurationPlatforms) = preSolution
		Debug|Any CPU = Debug|Any CPU
		Release|Any CPU = Release|Any CPU
	EndGlobalSection
	GlobalSection(ProjectConfigurationPlatforms) = postSolution
		{DC1DE7CB-FB84-4AED-A735-8107574D7C5B}.Debug|Any CPU.ActiveCfg = Debug|Any CPU
		{DC1DE7CB-FB84-4AED-A735-8107574D7C5B}.Debug|Any CPU.Build.0 = Debug|Any CPU
		{DC1DE7CB-FB84-4AED-A735-8107574D7C5B}.Release|Any CPU.ActiveCfg = Release|Any CPU
		{DC1DE7CB-FB84-4AED-A735-8107574D7C5B}.Release|Any CPU.Build.0 = Release|Any CPU
	EndGlobalSection
	GlobalSection(SolutionProperties) = preSolution
		HideSolutionNode = FALSE
	EndGlobalSection
	GlobalSection(ExtensibilityGlobals) = postSolution
		SolutionGuid = {184EAF36-4E73-412F-9D49-F3E834F6179D}
	EndGlobalSection
EndGlobal
